
Microsoft Visual Studio Solution File, Format Version 12.00
# Visual Studio 14
VisualStudioVersion = 14.0.24720.0
MinimumVisualStudioVersion = 10.0.40219.1
Project("{FAE04EC0-301F-11D3-BF4B-00C04F79EFBC}") = "DumbSearchEngine", "DumbSearchEngine\DumbSearchEngine.csproj", "{444586E4-6B05-43D1-BD5C-CD52D749FF4E}"
EndProject
Project("{FAE04EC0-301F-11D3-BF4B-00C04F79EFBC}") = "Tests", "Tests\Tests.csproj", "{095A39BD-043C-4981-871D-F866F3651579}"
EndProject
Global
	GlobalSection(SolutionConfigurationPlatforms) = preSolution
		Debug|Any CPU = Debug|Any CPU
		Release|Any CPU = Release|Any CPU
	EndGlobalSection
	GlobalSection(ProjectConfigurationPlatforms) = postSolution
		{444586E4-6B05-43D1-BD5C-CD52D749FF4E}.Debug|Any CPU.ActiveCfg = Debug|Any CPU
		{444586E4-6B05-43D1-BD5C-CD52D749FF4E}.Debug|Any CPU.Build.0 = Debug|Any CPU
		{444586E4-6B05-43D1-BD5C-CD52D749FF4E}.Release|Any CPU.ActiveCfg = Release|Any CPU
		{444586E4-6B05-43D1-BD5C-CD52D749FF4E}.Release|Any CPU.Build.0 = Release|Any CPU
		{095A39BD-043C-4981-871D-F866F3651579}.Debug|Any CPU.ActiveCfg = Debug|Any CPU
		{095A39BD-043C-4981-871D-F866F3651579}.Debug|Any CPU.Build.0 = Debug|Any CPU
		{095A39BD-043C-4981-871D-F866F3651579}.Release|Any CPU.ActiveCfg = Release|Any CPU
		{095A39BD-043C-4981-871D-F866F3651579}.Release|Any CPU.Build.0 = Release|Any CPU
	EndGlobalSection
	GlobalSection(SolutionProperties) = preSolution
		HideSolutionNode = FALSE
	EndGlobalSection
EndGlobal
